{
  "object": {
    "pins": [
      {
        "package": "DJWBaseVC",
        "repositoryURL": "https://gitlab.com/trevorsonic/DJWBaseVC.git",
        "state": {
          "branch": null,
          "revision": "bf2004741081803417910215970abe1dd9c716b3",
          "version": "1.0.20"
        }
      },
      {
        "package": "SnapKit",
        "repositoryURL": "https://github.com/SnapKit/SnapKit.git",
        "state": {
          "branch": null,
          "revision": "d458564516e5676af9c70b4f4b2a9178294f1bc6",
          "version": "5.0.1"
        }
      }
    ]
  },
  "version": 1
}
